
Microsoft Visual Studio Solution File, Format Version 12.00
# Visual Studio 14
VisualStudioVersion = 14.0.23107.0
MinimumVisualStudioVersion = 10.0.40219.1
Project("{FAE04EC0-301F-11D3-BF4B-00C04F79EFBC}") = "osu!Lyrics", "osu!Lyrics\osu!Lyrics.csproj", "{9161CC52-C03B-4CCD-AC44-A94C208D31F3}"
	ProjectSection(ProjectDependencies) = postProject
		{55B49E76-AA07-447F-ADE2-B170269EC1EB} = {55B49E76-AA07-447F-ADE2-B170269EC1EB}
	EndProjectSection
EndProject
Project("{8BC9CEB8-8B4A-11D0-8D11-00A0C91BC942}") = "Server_Legacy", "Server\Server.vcxproj", "{55B49E76-AA07-447F-ADE2-B170269EC1EB}"
EndProject
Project("{8BC9CEB8-8B4A-11D0-8D11-00A0C91BC942}") = "Server_New", "Server_New\Server_New.vcxproj", "{F502FE30-3541-4557-853F-2947B33B3799}"
EndProject
Global
	GlobalSection(SolutionConfigurationPlatforms) = preSolution
		Debug|Any CPU = Debug|Any CPU
		Debug|Mixed Platforms = Debug|Mixed Platforms
		Debug|Win32 = Debug|Win32
		Debug|x64 = Debug|x64
		Release|Any CPU = Release|Any CPU
		Release|Mixed Platforms = Release|Mixed Platforms
		Release|Win32 = Release|Win32
		Release|x64 = Release|x64
	EndGlobalSection
	GlobalSection(ProjectConfigurationPlatforms) = postSolution
		{9161CC52-C03B-4CCD-AC44-A94C208D31F3}.Debug|Any CPU.ActiveCfg = Debug|Any CPU
		{9161CC52-C03B-4CCD-AC44-A94C208D31F3}.Debug|Any CPU.Build.0 = Debug|Any CPU
		{9161CC52-C03B-4CCD-AC44-A94C208D31F3}.Debug|Mixed Platforms.ActiveCfg = Debug|Any CPU
		{9161CC52-C03B-4CCD-AC44-A94C208D31F3}.Debug|Mixed Platforms.Build.0 = Debug|Any CPU
		{9161CC52-C03B-4CCD-AC44-A94C208D31F3}.Debug|Win32.ActiveCfg = Debug|Any CPU
		{9161CC52-C03B-4CCD-AC44-A94C208D31F3}.Debug|x64.ActiveCfg = Debug|Any CPU
		{9161CC52-C03B-4CCD-AC44-A94C208D31F3}.Debug|x64.Build.0 = Debug|Any CPU
		{9161CC52-C03B-4CCD-AC44-A94C208D31F3}.Release|Any CPU.ActiveCfg = Release|Any CPU
		{9161CC52-C03B-4CCD-AC44-A94C208D31F3}.Release|Any CPU.Build.0 = Release|Any CPU
		{9161CC52-C03B-4CCD-AC44-A94C208D31F3}.Release|Mixed Platforms.ActiveCfg = Release|Any CPU
		{9161CC52-C03B-4CCD-AC44-A94C208D31F3}.Release|Mixed Platforms.Build.0 = Release|Any CPU
		{9161CC52-C03B-4CCD-AC44-A94C208D31F3}.Release|Win32.ActiveCfg = Release|Any CPU
		{9161CC52-C03B-4CCD-AC44-A94C208D31F3}.Release|x64.ActiveCfg = Release|Any CPU
		{9161CC52-C03B-4CCD-AC44-A94C208D31F3}.Release|x64.Build.0 = Release|Any CPU
		{55B49E76-AA07-447F-ADE2-B170269EC1EB}.Debug|Any CPU.ActiveCfg = Debug|Win32
		{55B49E76-AA07-447F-ADE2-B170269EC1EB}.Debug|Mixed Platforms.ActiveCfg = Debug|Win32
		{55B49E76-AA07-447F-ADE2-B170269EC1EB}.Debug|Mixed Platforms.Build.0 = Debug|Win32
		{55B49E76-AA07-447F-ADE2-B170269EC1EB}.Debug|Win32.ActiveCfg = Debug|Win32
		{55B49E76-AA07-447F-ADE2-B170269EC1EB}.Debug|Win32.Build.0 = Debug|Win32
		{55B49E76-AA07-447F-ADE2-B170269EC1EB}.Debug|x64.ActiveCfg = Debug|Win32
		{55B49E76-AA07-447F-ADE2-B170269EC1EB}.Release|Any CPU.ActiveCfg = Release|Win32
		{55B49E76-AA07-447F-ADE2-B170269EC1EB}.Release|Mixed Platforms.ActiveCfg = Release|Win32
		{55B49E76-AA07-447F-ADE2-B170269EC1EB}.Release|Mixed Platforms.Build.0 = Release|Win32
		{55B49E76-AA07-447F-ADE2-B170269EC1EB}.Release|Win32.ActiveCfg = Release|Win32
		{55B49E76-AA07-447F-ADE2-B170269EC1EB}.Release|Win32.Build.0 = Release|Win32
		{55B49E76-AA07-447F-ADE2-B170269EC1EB}.Release|x64.ActiveCfg = Release|Win32
		{F502FE30-3541-4557-853F-2947B33B3799}.Debug|Any CPU.ActiveCfg = Debug|Win32
		{F502FE30-3541-4557-853F-2947B33B3799}.Debug|Mixed Platforms.ActiveCfg = Debug|Win32
		{F502FE30-3541-4557-853F-2947B33B3799}.Debug|Mixed Platforms.Build.0 = Debug|Win32
		{F502FE30-3541-4557-853F-2947B33B3799}.Debug|Win32.ActiveCfg = Debug|Win32
		{F502FE30-3541-4557-853F-2947B33B3799}.Debug|Win32.Build.0 = Debug|Win32
		{F502FE30-3541-4557-853F-2947B33B3799}.Debug|x64.ActiveCfg = Debug|x64
		{F502FE30-3541-4557-853F-2947B33B3799}.Debug|x64.Build.0 = Debug|x64
		{F502FE30-3541-4557-853F-2947B33B3799}.Release|Any CPU.ActiveCfg = Release|Win32
		{F502FE30-3541-4557-853F-2947B33B3799}.Release|Mixed Platforms.ActiveCfg = Release|Win32
		{F502FE30-3541-4557-853F-2947B33B3799}.Release|Mixed Platforms.Build.0 = Release|Win32
		{F502FE30-3541-4557-853F-2947B33B3799}.Release|Win32.ActiveCfg = Release|Win32
		{F502FE30-3541-4557-853F-2947B33B3799}.Release|Win32.Build.0 = Release|Win32
		{F502FE30-3541-4557-853F-2947B33B3799}.Release|x64.ActiveCfg = Release|x64
		{F502FE30-3541-4557-853F-2947B33B3799}.Release|x64.Build.0 = Release|x64
	EndGlobalSection
	GlobalSection(SolutionProperties) = preSolution
		HideSolutionNode = FALSE
	EndGlobalSection
EndGlobal
