<?xml version="1.0" encoding="utf-8"?>
<Project ToolsVersion="4.0" xmlns="http://schemas.microsoft.com/developer/msbuild/2003">
  <ItemGroup>
    <ClCompile Include="Observer.cpp" />
    <ClCompile Include="Server.cpp" />
    <ClCompile Include="disasm-lib\cpu.c">
      <Filter>Libraries\mhook</Filter>
    </ClCompile>
    <ClCompile Include="disasm-lib\disasm.c">
      <Filter>Libraries\mhook</Filter>
    </ClCompile>
    <ClCompile Include="disasm-lib\disasm_x86.c">
      <Filter>Libraries\mhook</Filter>
    </ClCompile>
    <ClCompile Include="disasm-lib\misc.c">
      <Filter>Libraries\mhook</Filter>
    </ClCompile>
    <ClCompile Include="mhook-lib\mhook.cpp">
      <Filter>Libraries\mhook</Filter>
    </ClCompile>
  </ItemGroup>
  <ItemGroup>
    <ClInclude Include="Hooker.h" />
    <ClInclude Include="Hooker.hpp" />
    <ClInclude Include="Observer.h" />
    <ClInclude Include="resource.h" />
    <ClInclude Include="Server.h" />
    <ClInclude Include="disasm-lib\cpu.h">
      <Filter>Libraries\mhook</Filter>
    </ClInclude>
    <ClInclude Include="disasm-lib\disasm.h">
      <Filter>Libraries\mhook</Filter>
    </ClInclude>
    <ClInclude Include="disasm-lib\disasm_x86.h">
      <Filter>Libraries\mhook</Filter>
    </ClInclude>
    <ClInclude Include="disasm-lib\disasm_x86_tables.h">
      <Filter>Libraries\mhook</Filter>
    </ClInclude>
    <ClInclude Include="disasm-lib\misc.h">
      <Filter>Libraries\mhook</Filter>
    </ClInclude>
    <ClInclude Include="mhook-lib\mhook.h">
      <Filter>Libraries\mhook</Filter>
    </ClInclude>
    <ClInclude Include="bass.h">
      <Filter>Libraries\BASS</Filter>
    </ClInclude>
    <ClInclude Include="bass_fx.h">
      <Filter>Libraries\BASS</Filter>
    </ClInclude>
  </ItemGroup>
  <ItemGroup>
    <ResourceCompile Include="Resource.rc" />
  </ItemGroup>
  <ItemGroup>
    <Filter Include="Libraries">
      <UniqueIdentifier>{d5f42003-5bc5-43ce-a691-7960ac109d39}</UniqueIdentifier>
    </Filter>
    <Filter Include="Libraries\BASS">
      <UniqueIdentifier>{04a5009d-0f22-455e-992a-fdc53a71a5c3}</UniqueIdentifier>
    </Filter>
    <Filter Include="Libraries\mhook">
      <UniqueIdentifier>{d6daeace-15ab-4465-a66b-1a9ec1c69054}</UniqueIdentifier>
    </Filter>
  </ItemGroup>
  <ItemGroup>
    <Library Include="bass.lib">
      <Filter>Libraries\BASS</Filter>
    </Library>
    <Library Include="bass_fx.lib">
      <Filter>Libraries\BASS</Filter>
    </Library>
  </ItemGroup>
</Project>